# This file is automatically @generated by Cargo.
# It is not intended for manual editing.
version = 4

[[package]]
name = "chasm-ir"
version = "0.1.0"
source = "git+https://github.com/CeriumProject/chasm-ir.git#9354fd16c4441a0c7ce11917f289b09fc52af610"

[[package]]
name = "ir-compiler"
version = "0.1.0"
dependencies = [
 "chasm-ir",
]
